
Microsoft Visual Studio Solution File, Format Version 12.00
# Visual Studio Version 17
VisualStudioVersion = 17.5.002.0
MinimumVisualStudioVersion = 10.0.40219.1
Project("{2150E333-8FDC-42A3-9474-1A3956D46DE8}") = "PublishSubscribe", "PublishSubscribe", "{1BDBA6F0-A4A4-4D70-812A-2E1EA357A502}"
EndProject
Project("{9A19103F-16F7-4668-BE54-9A1E7A4F7556}") = "EmitLog", "PublishSubscribe\EmitLog\EmitLog.csproj", "{91CA9BBC-3D5A-480F-9717-B563D2952C6E}"
EndProject
Project("{9A19103F-16F7-4668-BE54-9A1E7A4F7556}") = "ReceiveLogs", "PublishSubscribe\ReceiveLogs\ReceiveLogs.csproj", "{A61EBE8C-F559-4A30-86F7-F2116153D409}"
EndProject
Project("{2150E333-8FDC-42A3-9474-1A3956D46DE8}") = "SendReceive", "SendReceive", "{38014ECA-C526-489B-8596-68E09C9BF7B5}"
EndProject
Project("{9A19103F-16F7-4668-BE54-9A1E7A4F7556}") = "Receive", "SendReceive\Receive\Receive.csproj", "{9AD7180A-7696-4FCD-B614-4CD278CCD13D}"
EndProject
Project("{9A19103F-16F7-4668-BE54-9A1E7A4F7556}") = "Send", "SendReceive\Send\Send.csproj", "{C021C20B-2702-4FCE-89B9-90919D2D42A3}"
EndProject
Project("{2150E333-8FDC-42A3-9474-1A3956D46DE8}") = "WorkQueue", "WorkQueue", "{3BF84A76-08E4-426F-8D89-DE90ECFD7ACD}"
EndProject
Project("{9A19103F-16F7-4668-BE54-9A1E7A4F7556}") = "NewTask", "WorkQueue\NewTask\NewTask.csproj", "{47EE75E5-26F6-49EA-9B0D-F66E9A67B628}"
EndProject
Project("{9A19103F-16F7-4668-BE54-9A1E7A4F7556}") = "Worker", "WorkQueue\Worker\Worker.csproj", "{DED0FB3D-4912-45E8-A10E-E031AA49588E}"
EndProject
Project("{2150E333-8FDC-42A3-9474-1A3956D46DE8}") = "PublishSubscribeDirect", "PublishSubscribeDirect", "{F9C1DF95-B252-42CF-9030-E96483653BFA}"
EndProject
Project("{FAE04EC0-301F-11D3-BF4B-00C04F79EFBC}") = "EmitLogDirect", "PublishSubscribeDirect\EmitLogDirect\EmitLogDirect.csproj", "{0F1B84DB-E120-4783-A4C0-0BE212828D21}"
EndProject
Project("{FAE04EC0-301F-11D3-BF4B-00C04F79EFBC}") = "ReceiveLogsDirect", "PublishSubscribeDirect\ReceiveLogsDirect\ReceiveLogsDirect.csproj", "{6CC41931-FDD8-40E9-801D-7E5D8A7B148E}"
EndProject
Project("{2150E333-8FDC-42A3-9474-1A3956D46DE8}") = "RPC", "RPC", "{3C14E783-9246-41E5-A67A-D394BD59B2FE}"
EndProject
Project("{FAE04EC0-301F-11D3-BF4B-00C04F79EFBC}") = "RPCServer", "RPC\RPCServer\RPCServer.csproj", "{376C8FEF-CFEA-4D58-804C-4733879ACA2D}"
EndProject
Project("{FAE04EC0-301F-11D3-BF4B-00C04F79EFBC}") = "RPCClient", "RPC\RPCClient\RPCClient.csproj", "{16634863-5D02-46E2-B94B-13B5AE1555EF}"
EndProject
Project("{FAE04EC0-301F-11D3-BF4B-00C04F79EFBC}") = "RetryDLQueue", "WorkQueue\RetryDLQueue\RetryDLQueue.csproj", "{CA3C821D-4BCE-4FB3-95D3-B679B304A38D}"
EndProject
Global
	GlobalSection(SolutionConfigurationPlatforms) = preSolution
		Debug|Any CPU = Debug|Any CPU
		Release|Any CPU = Release|Any CPU
	EndGlobalSection
	GlobalSection(ProjectConfigurationPlatforms) = postSolution
		{91CA9BBC-3D5A-480F-9717-B563D2952C6E}.Debug|Any CPU.ActiveCfg = Debug|Any CPU
		{91CA9BBC-3D5A-480F-9717-B563D2952C6E}.Debug|Any CPU.Build.0 = Debug|Any CPU
		{91CA9BBC-3D5A-480F-9717-B563D2952C6E}.Release|Any CPU.ActiveCfg = Release|Any CPU
		{91CA9BBC-3D5A-480F-9717-B563D2952C6E}.Release|Any CPU.Build.0 = Release|Any CPU
		{A61EBE8C-F559-4A30-86F7-F2116153D409}.Debug|Any CPU.ActiveCfg = Debug|Any CPU
		{A61EBE8C-F559-4A30-86F7-F2116153D409}.Debug|Any CPU.Build.0 = Debug|Any CPU
		{A61EBE8C-F559-4A30-86F7-F2116153D409}.Release|Any CPU.ActiveCfg = Release|Any CPU
		{A61EBE8C-F559-4A30-86F7-F2116153D409}.Release|Any CPU.Build.0 = Release|Any CPU
		{9AD7180A-7696-4FCD-B614-4CD278CCD13D}.Debug|Any CPU.ActiveCfg = Debug|Any CPU
		{9AD7180A-7696-4FCD-B614-4CD278CCD13D}.Debug|Any CPU.Build.0 = Debug|Any CPU
		{9AD7180A-7696-4FCD-B614-4CD278CCD13D}.Release|Any CPU.ActiveCfg = Release|Any CPU
		{9AD7180A-7696-4FCD-B614-4CD278CCD13D}.Release|Any CPU.Build.0 = Release|Any CPU
		{C021C20B-2702-4FCE-89B9-90919D2D42A3}.Debug|Any CPU.ActiveCfg = Debug|Any CPU
		{C021C20B-2702-4FCE-89B9-90919D2D42A3}.Debug|Any CPU.Build.0 = Debug|Any CPU
		{C021C20B-2702-4FCE-89B9-90919D2D42A3}.Release|Any CPU.ActiveCfg = Release|Any CPU
		{C021C20B-2702-4FCE-89B9-90919D2D42A3}.Release|Any CPU.Build.0 = Release|Any CPU
		{47EE75E5-26F6-49EA-9B0D-F66E9A67B628}.Debug|Any CPU.ActiveCfg = Debug|Any CPU
		{47EE75E5-26F6-49EA-9B0D-F66E9A67B628}.Debug|Any CPU.Build.0 = Debug|Any CPU
		{47EE75E5-26F6-49EA-9B0D-F66E9A67B628}.Release|Any CPU.ActiveCfg = Release|Any CPU
		{47EE75E5-26F6-49EA-9B0D-F66E9A67B628}.Release|Any CPU.Build.0 = Release|Any CPU
		{DED0FB3D-4912-45E8-A10E-E031AA49588E}.Debug|Any CPU.ActiveCfg = Debug|Any CPU
		{DED0FB3D-4912-45E8-A10E-E031AA49588E}.Debug|Any CPU.Build.0 = Debug|Any CPU
		{DED0FB3D-4912-45E8-A10E-E031AA49588E}.Release|Any CPU.ActiveCfg = Release|Any CPU
		{DED0FB3D-4912-45E8-A10E-E031AA49588E}.Release|Any CPU.Build.0 = Release|Any CPU
		{0F1B84DB-E120-4783-A4C0-0BE212828D21}.Debug|Any CPU.ActiveCfg = Debug|Any CPU
		{0F1B84DB-E120-4783-A4C0-0BE212828D21}.Debug|Any CPU.Build.0 = Debug|Any CPU
		{0F1B84DB-E120-4783-A4C0-0BE212828D21}.Release|Any CPU.ActiveCfg = Release|Any CPU
		{0F1B84DB-E120-4783-A4C0-0BE212828D21}.Release|Any CPU.Build.0 = Release|Any CPU
		{6CC41931-FDD8-40E9-801D-7E5D8A7B148E}.Debug|Any CPU.ActiveCfg = Debug|Any CPU
		{6CC41931-FDD8-40E9-801D-7E5D8A7B148E}.Debug|Any CPU.Build.0 = Debug|Any CPU
		{6CC41931-FDD8-40E9-801D-7E5D8A7B148E}.Release|Any CPU.ActiveCfg = Release|Any CPU
		{6CC41931-FDD8-40E9-801D-7E5D8A7B148E}.Release|Any CPU.Build.0 = Release|Any CPU
		{376C8FEF-CFEA-4D58-804C-4733879ACA2D}.Debug|Any CPU.ActiveCfg = Debug|Any CPU
		{376C8FEF-CFEA-4D58-804C-4733879ACA2D}.Debug|Any CPU.Build.0 = Debug|Any CPU
		{376C8FEF-CFEA-4D58-804C-4733879ACA2D}.Release|Any CPU.ActiveCfg = Release|Any CPU
		{376C8FEF-CFEA-4D58-804C-4733879ACA2D}.Release|Any CPU.Build.0 = Release|Any CPU
		{16634863-5D02-46E2-B94B-13B5AE1555EF}.Debug|Any CPU.ActiveCfg = Debug|Any CPU
		{16634863-5D02-46E2-B94B-13B5AE1555EF}.Debug|Any CPU.Build.0 = Debug|Any CPU
		{16634863-5D02-46E2-B94B-13B5AE1555EF}.Release|Any CPU.ActiveCfg = Release|Any CPU
		{16634863-5D02-46E2-B94B-13B5AE1555EF}.Release|Any CPU.Build.0 = Release|Any CPU
		{CA3C821D-4BCE-4FB3-95D3-B679B304A38D}.Debug|Any CPU.ActiveCfg = Debug|Any CPU
		{CA3C821D-4BCE-4FB3-95D3-B679B304A38D}.Debug|Any CPU.Build.0 = Debug|Any CPU
		{CA3C821D-4BCE-4FB3-95D3-B679B304A38D}.Release|Any CPU.ActiveCfg = Release|Any CPU
		{CA3C821D-4BCE-4FB3-95D3-B679B304A38D}.Release|Any CPU.Build.0 = Release|Any CPU
	EndGlobalSection
	GlobalSection(SolutionProperties) = preSolution
		HideSolutionNode = FALSE
	EndGlobalSection
	GlobalSection(NestedProjects) = preSolution
		{91CA9BBC-3D5A-480F-9717-B563D2952C6E} = {1BDBA6F0-A4A4-4D70-812A-2E1EA357A502}
		{A61EBE8C-F559-4A30-86F7-F2116153D409} = {1BDBA6F0-A4A4-4D70-812A-2E1EA357A502}
		{9AD7180A-7696-4FCD-B614-4CD278CCD13D} = {38014ECA-C526-489B-8596-68E09C9BF7B5}
		{C021C20B-2702-4FCE-89B9-90919D2D42A3} = {38014ECA-C526-489B-8596-68E09C9BF7B5}
		{47EE75E5-26F6-49EA-9B0D-F66E9A67B628} = {3BF84A76-08E4-426F-8D89-DE90ECFD7ACD}
		{DED0FB3D-4912-45E8-A10E-E031AA49588E} = {3BF84A76-08E4-426F-8D89-DE90ECFD7ACD}
		{0F1B84DB-E120-4783-A4C0-0BE212828D21} = {F9C1DF95-B252-42CF-9030-E96483653BFA}
		{6CC41931-FDD8-40E9-801D-7E5D8A7B148E} = {F9C1DF95-B252-42CF-9030-E96483653BFA}
		{376C8FEF-CFEA-4D58-804C-4733879ACA2D} = {3C14E783-9246-41E5-A67A-D394BD59B2FE}
		{16634863-5D02-46E2-B94B-13B5AE1555EF} = {3C14E783-9246-41E5-A67A-D394BD59B2FE}
		{CA3C821D-4BCE-4FB3-95D3-B679B304A38D} = {3BF84A76-08E4-426F-8D89-DE90ECFD7ACD}
	EndGlobalSection
	GlobalSection(ExtensibilityGlobals) = postSolution
		SolutionGuid = {0641BD7C-E4CA-4426-B923-B8BC4DEBDF54}
	EndGlobalSection
EndGlobal
